
Microsoft Visual Studio Solution File, Format Version 12.00
# Visual Studio 2013
VisualStudioVersion = 12.0.21005.1
MinimumVisualStudioVersion = 10.0.40219.1
Project("{2150E333-8FDC-42A3-9474-1A3956D46DE8}") = ".nuget", ".nuget", "{8F4CDC4B-3804-4262-9610-2A52063E664D}"
	ProjectSection(SolutionItems) = preProject
		.nuget\NuGet.Config = .nuget\NuGet.Config
		.nuget\NuGet.exe = .nuget\NuGet.exe
		.nuget\NuGet.targets = .nuget\NuGet.targets
	EndProjectSection
EndProject
Project("{F2A71F9B-5D33-465A-A702-920D77279786}") = "AntiXmlns", "AntiXmlns\AntiXmlns.fsproj", "{2CAB8AC3-31F1-4CA9-A7B3-8A61C4F8DFE1}"
EndProject
Project("{F2A71F9B-5D33-465A-A702-920D77279786}") = "AntiXmlns.Tests", "AntiXmlns.Tests\AntiXmlns.Tests.fsproj", "{8123C503-3148-4A36-A2AF-FD8A9933215D}"
EndProject
Global
	GlobalSection(SolutionConfigurationPlatforms) = preSolution
		Debug|Any CPU = Debug|Any CPU
		Release|Any CPU = Release|Any CPU
	EndGlobalSection
	GlobalSection(ProjectConfigurationPlatforms) = postSolution
		{2CAB8AC3-31F1-4CA9-A7B3-8A61C4F8DFE1}.Debug|Any CPU.ActiveCfg = Debug|Any CPU
		{2CAB8AC3-31F1-4CA9-A7B3-8A61C4F8DFE1}.Debug|Any CPU.Build.0 = Debug|Any CPU
		{2CAB8AC3-31F1-4CA9-A7B3-8A61C4F8DFE1}.Release|Any CPU.ActiveCfg = Release|Any CPU
		{2CAB8AC3-31F1-4CA9-A7B3-8A61C4F8DFE1}.Release|Any CPU.Build.0 = Release|Any CPU
		{8123C503-3148-4A36-A2AF-FD8A9933215D}.Debug|Any CPU.ActiveCfg = Debug|Any CPU
		{8123C503-3148-4A36-A2AF-FD8A9933215D}.Debug|Any CPU.Build.0 = Debug|Any CPU
		{8123C503-3148-4A36-A2AF-FD8A9933215D}.Release|Any CPU.ActiveCfg = Release|Any CPU
		{8123C503-3148-4A36-A2AF-FD8A9933215D}.Release|Any CPU.Build.0 = Release|Any CPU
	EndGlobalSection
	GlobalSection(SolutionProperties) = preSolution
		HideSolutionNode = FALSE
	EndGlobalSection
EndGlobal
